// !$*UTF8*$!
{
	archiveVersion = 1;
	classes = {
	};
	objectVersion = 60;
	objects = {

/* Begin PBXBuildFile section */
		AA2022D82C5B87D90029F577 /* AppDelegate.swift in Sources */ = {isa = PBXBuildFile; fileRef = AA2022D72C5B87D90029F577 /* AppDelegate.swift */; };
		AA2022DA2C5B87D90029F577 /* SceneDelegate.swift in Sources */ = {isa = PBXBuildFile; fileRef = AA2022D92C5B87D90029F577 /* SceneDelegate.swift */; };
		AA2022DC2C5B87D90029F577 /* LoginViewController.swift in Sources */ = {isa = PBXBuildFile; fileRef = AA2022DB2C5B87D90029F577 /* LoginViewController.swift */; };
		AA2022DF2C5B87D90029F577 /* Base in Resources */ = {isa = PBXBuildFile; fileRef = AA2022DE2C5B87D90029F577 /* Base */; };
		AA2022E12C5B87DA0029F577 /* Assets.xcassets in Resources */ = {isa = PBXBuildFile; fileRef = AA2022E02C5B87DA0029F577 /* Assets.xcassets */; };
		AA2022E42C5B87DA0029F577 /* Base in Resources */ = {isa = PBXBuildFile; fileRef = AA2022E32C5B87DA0029F577 /* Base */; };
		AA2022F92C5B87DB0029F577 /* SingletonAndGlobalInstancesUITests.swift in Sources */ = {isa = PBXBuildFile; fileRef = AA2022F82C5B87DB0029F577 /* SingletonAndGlobalInstancesUITests.swift */; };
		AA2022FB2C5B87DB0029F577 /* SingletonAndGlobalInstancesUITestsLaunchTests.swift in Sources */ = {isa = PBXBuildFile; fileRef = AA2022FA2C5B87DB0029F577 /* SingletonAndGlobalInstancesUITestsLaunchTests.swift */; };
		AA2023082C5B89E70029F577 /* ApiClient.swift in Sources */ = {isa = PBXBuildFile; fileRef = AA2023072C5B89E20029F577 /* ApiClient.swift */; };
		AA2023102C5B96D10029F577 /* LoggedInUser.swift in Sources */ = {isa = PBXBuildFile; fileRef = AA20230F2C5B96C90029F577 /* LoggedInUser.swift */; };
		AA2023122C5B9A2C0029F577 /* FeedViewController.swift in Sources */ = {isa = PBXBuildFile; fileRef = AA2023112C5B9A2C0029F577 /* FeedViewController.swift */; };
		AA2023142C5B9A780029F577 /* FeedItem.swift in Sources */ = {isa = PBXBuildFile; fileRef = AA2023132C5B9A770029F577 /* FeedItem.swift */; };
		AA2023162C5B9EE80029F577 /* FollowerViewController.swift in Sources */ = {isa = PBXBuildFile; fileRef = AA2023152C5B9EE80029F577 /* FollowerViewController.swift */; };
		AA2023182C5B9F220029F577 /* Follower.swift in Sources */ = {isa = PBXBuildFile; fileRef = AA2023172C5B9F1F0029F577 /* Follower.swift */; };
		AA20231B2C5DD1410029F577 /* LoginClientAdapter.swift in Sources */ = {isa = PBXBuildFile; fileRef = AA20231A2C5DD13F0029F577 /* LoginClientAdapter.swift */; };
		AA20231D2C5DD16D0029F577 /* FeedClientAdapter.swift in Sources */ = {isa = PBXBuildFile; fileRef = AA20231C2C5DD16C0029F577 /* FeedClientAdapter.swift */; };
		AA20231F2C5DD1940029F577 /* FollowerClientAdapter.swift in Sources */ = {isa = PBXBuildFile; fileRef = AA20231E2C5DD1930029F577 /* FollowerClientAdapter.swift */; };
		AA2023322C5DD4530029F577 /* LoginClientAdapterTests.swift in Sources */ = {isa = PBXBuildFile; fileRef = AA2023312C5DD4530029F577 /* LoginClientAdapterTests.swift */; };
/* End PBXBuildFile section */

/* Begin PBXContainerItemProxy section */
		AA2022EB2C5B87DB0029F577 /* PBXContainerItemProxy */ = {
			isa = PBXContainerItemProxy;
			containerPortal = AA2022CC2C5B87D90029F577 /* Project object */;
			proxyType = 1;
			remoteGlobalIDString = AA2022D32C5B87D90029F577;
			remoteInfo = SingletonAndGlobalInstances;
		};
		AA2022F52C5B87DB0029F577 /* PBXContainerItemProxy */ = {
			isa = PBXContainerItemProxy;
			containerPortal = AA2022CC2C5B87D90029F577 /* Project object */;
			proxyType = 1;
			remoteGlobalIDString = AA2022D32C5B87D90029F577;
			remoteInfo = SingletonAndGlobalInstances;
		};
/* End PBXContainerItemProxy section */

/* Begin PBXFileReference section */
		AA2022D42C5B87D90029F577 /* SingletonAndGlobalInstances.app */ = {isa = PBXFileReference; explicitFileType = wrapper.application; includeInIndex = 0; path = SingletonAndGlobalInstances.app; sourceTree = BUILT_PRODUCTS_DIR; };
		AA2022D72C5B87D90029F577 /* AppDelegate.swift */ = {isa = PBXFileReference; lastKnownFileType = sourcecode.swift; path = AppDelegate.swift; sourceTree = "<group>"; };
		AA2022D92C5B87D90029F577 /* SceneDelegate.swift */ = {isa = PBXFileReference; lastKnownFileType = sourcecode.swift; path = SceneDelegate.swift; sourceTree = "<group>"; };
		AA2022DB2C5B87D90029F577 /* LoginViewController.swift */ = {isa = PBXFileReference; lastKnownFileType = sourcecode.swift; path = LoginViewController.swift; sourceTree = "<group>"; };
		AA2022DE2C5B87D90029F577 /* Base */ = {isa = PBXFileReference; lastKnownFileType = file.storyboard; name = Base; path = Base.lproj/Main.storyboard; sourceTree = "<group>"; };
		AA2022E02C5B87DA0029F577 /* Assets.xcassets */ = {isa = PBXFileReference; lastKnownFileType = folder.assetcatalog; path = Assets.xcassets; sourceTree = "<group>"; };
		AA2022E32C5B87DA0029F577 /* Base */ = {isa = PBXFileReference; lastKnownFileType = file.storyboard; name = Base; path = Base.lproj/LaunchScreen.storyboard; sourceTree = "<group>"; };
		AA2022E52C5B87DA0029F577 /* Info.plist */ = {isa = PBXFileReference; lastKnownFileType = text.plist.xml; path = Info.plist; sourceTree = "<group>"; };
		AA2022EA2C5B87DB0029F577 /* SingletonAndGlobalInstancesTests.xctest */ = {isa = PBXFileReference; explicitFileType = wrapper.cfbundle; includeInIndex = 0; path = SingletonAndGlobalInstancesTests.xctest; sourceTree = BUILT_PRODUCTS_DIR; };
		AA2022F42C5B87DB0029F577 /* SingletonAndGlobalInstancesUITests.xctest */ = {isa = PBXFileReference; explicitFileType = wrapper.cfbundle; includeInIndex = 0; path = SingletonAndGlobalInstancesUITests.xctest; sourceTree = BUILT_PRODUCTS_DIR; };
		AA2022F82C5B87DB0029F577 /* SingletonAndGlobalInstancesUITests.swift */ = {isa = PBXFileReference; lastKnownFileType = sourcecode.swift; path = SingletonAndGlobalInstancesUITests.swift; sourceTree = "<group>"; };
		AA2022FA2C5B87DB0029F577 /* SingletonAndGlobalInstancesUITestsLaunchTests.swift */ = {isa = PBXFileReference; lastKnownFileType = sourcecode.swift; path = SingletonAndGlobalInstancesUITestsLaunchTests.swift; sourceTree = "<group>"; };
		AA2023072C5B89E20029F577 /* ApiClient.swift */ = {isa = PBXFileReference; lastKnownFileType = sourcecode.swift; path = ApiClient.swift; sourceTree = "<group>"; };
		AA20230F2C5B96C90029F577 /* LoggedInUser.swift */ = {isa = PBXFileReference; lastKnownFileType = sourcecode.swift; path = LoggedInUser.swift; sourceTree = "<group>"; };
		AA2023112C5B9A2C0029F577 /* FeedViewController.swift */ = {isa = PBXFileReference; lastKnownFileType = sourcecode.swift; path = FeedViewController.swift; sourceTree = "<group>"; };
		AA2023132C5B9A770029F577 /* FeedItem.swift */ = {isa = PBXFileReference; lastKnownFileType = sourcecode.swift; path = FeedItem.swift; sourceTree = "<group>"; };
		AA2023152C5B9EE80029F577 /* FollowerViewController.swift */ = {isa = PBXFileReference; lastKnownFileType = sourcecode.swift; path = FollowerViewController.swift; sourceTree = "<group>"; };
		AA2023172C5B9F1F0029F577 /* Follower.swift */ = {isa = PBXFileReference; lastKnownFileType = sourcecode.swift; path = Follower.swift; sourceTree = "<group>"; };
		AA20231A2C5DD13F0029F577 /* LoginClientAdapter.swift */ = {isa = PBXFileReference; lastKnownFileType = sourcecode.swift; path = LoginClientAdapter.swift; sourceTree = "<group>"; };
		AA20231C2C5DD16C0029F577 /* FeedClientAdapter.swift */ = {isa = PBXFileReference; lastKnownFileType = sourcecode.swift; path = FeedClientAdapter.swift; sourceTree = "<group>"; };
		AA20231E2C5DD1930029F577 /* FollowerClientAdapter.swift */ = {isa = PBXFileReference; lastKnownFileType = sourcecode.swift; path = FollowerClientAdapter.swift; sourceTree = "<group>"; };
		AA2023312C5DD4530029F577 /* LoginClientAdapterTests.swift */ = {isa = PBXFileReference; lastKnownFileType = sourcecode.swift; path = LoginClientAdapterTests.swift; sourceTree = "<group>"; };
/* End PBXFileReference section */

/* Begin PBXFrameworksBuildPhase section */
		AA2022D12C5B87D90029F577 /* Frameworks */ = {
			isa = PBXFrameworksBuildPhase;
			buildActionMask = 2147483647;
			files = (
			);
			runOnlyForDeploymentPostprocessing = 0;
		};
		AA2022E72C5B87DB0029F577 /* Frameworks */ = {
			isa = PBXFrameworksBuildPhase;
			buildActionMask = 2147483647;
			files = (
			);
			runOnlyForDeploymentPostprocessing = 0;
		};
		AA2022F12C5B87DB0029F577 /* Frameworks */ = {
			isa = PBXFrameworksBuildPhase;
			buildActionMask = 2147483647;
			files = (
			);
			runOnlyForDeploymentPostprocessing = 0;
		};
/* End PBXFrameworksBuildPhase section */

/* Begin PBXGroup section */
		AA2022CB2C5B87D90029F577 = {
			isa = PBXGroup;
			children = (
				AA2022D62C5B87D90029F577 /* SingletonAndGlobalInstances */,
				AA20232E2C5DD4100029F577 /* SingletonAndGlobalInstancesTests */,
				AA2022F72C5B87DB0029F577 /* SingletonAndGlobalInstancesUITests */,
				AA2022D52C5B87D90029F577 /* Products */,
			);
			sourceTree = "<group>";
		};
		AA2022D52C5B87D90029F577 /* Products */ = {
			isa = PBXGroup;
			children = (
				AA2022D42C5B87D90029F577 /* SingletonAndGlobalInstances.app */,
				AA2022EA2C5B87DB0029F577 /* SingletonAndGlobalInstancesTests.xctest */,
				AA2022F42C5B87DB0029F577 /* SingletonAndGlobalInstancesUITests.xctest */,
			);
			name = Products;
			sourceTree = "<group>";
		};
		AA2022D62C5B87D90029F577 /* SingletonAndGlobalInstances */ = {
			isa = PBXGroup;
			children = (
				AA20230A2C5B95600029F577 /* Start */,
				AA20230B2C5B95790029F577 /* Feature */,
				AA20230D2C5B95A10029F577 /* Resources */,
			);
			path = SingletonAndGlobalInstances;
			sourceTree = "<group>";
		};
		AA2022F72C5B87DB0029F577 /* SingletonAndGlobalInstancesUITests */ = {
			isa = PBXGroup;
			children = (
				AA2022F82C5B87DB0029F577 /* SingletonAndGlobalInstancesUITests.swift */,
				AA2022FA2C5B87DB0029F577 /* SingletonAndGlobalInstancesUITestsLaunchTests.swift */,
			);
			path = SingletonAndGlobalInstancesUITests;
			sourceTree = "<group>";
		};
		AA2023092C5B95210029F577 /* AppClient */ = {
			isa = PBXGroup;
			children = (
				AA2023072C5B89E20029F577 /* ApiClient.swift */,
			);
			path = AppClient;
			sourceTree = "<group>";
		};
		AA20230A2C5B95600029F577 /* Start */ = {
			isa = PBXGroup;
			children = (
				AA2022D72C5B87D90029F577 /* AppDelegate.swift */,
				AA2022D92C5B87D90029F577 /* SceneDelegate.swift */,
			);
			path = Start;
			sourceTree = "<group>";
		};
		AA20230B2C5B95790029F577 /* Feature */ = {
			isa = PBXGroup;
			children = (
				AA2023092C5B95210029F577 /* AppClient */,
				AA2023262C5DD23E0029F577 /* Scenes */,
			);
			path = Feature;
			sourceTree = "<group>";
		};
		AA20230D2C5B95A10029F577 /* Resources */ = {
			isa = PBXGroup;
			children = (
				AA2022E52C5B87DA0029F577 /* Info.plist */,
				AA2022E02C5B87DA0029F577 /* Assets.xcassets */,
				AA2022E22C5B87DA0029F577 /* LaunchScreen.storyboard */,
			);
			path = Resources;
			sourceTree = "<group>";
		};
		AA2023202C5DD1F30029F577 /* Follower */ = {
			isa = PBXGroup;
			children = (
				AA2023292C5DD2770029F577 /* Adapter */,
				AA20232C2C5DD2C10029F577 /* Domain */,
				AA2023252C5DD2260029F577 /* UI */,
			);
			path = Follower;
			sourceTree = "<group>";
		};
		AA2023212C5DD1F60029F577 /* Feed */ = {
			isa = PBXGroup;
			children = (
				AA2023282C5DD2660029F577 /* Adapter */,
				AA20232B2C5DD2B50029F577 /* Domain */,
				AA2023242C5DD21F0029F577 /* UI */,
			);
			path = Feed;
			sourceTree = "<group>";
		};
		AA2023222C5DD1F90029F577 /* Login */ = {
			isa = PBXGroup;
			children = (
				AA2023272C5DD2570029F577 /* Adapter */,
				AA20232A2C5DD2A80029F577 /* Domain */,
				AA2023232C5DD2170029F577 /* UI */,
			);
			path = Login;
			sourceTree = "<group>";
		};
		AA2023232C5DD2170029F577 /* UI */ = {
			isa = PBXGroup;
			children = (
				AA2022DD2C5B87D90029F577 /* Main.storyboard */,
				AA2022DB2C5B87D90029F577 /* LoginViewController.swift */,
			);
			path = UI;
			sourceTree = "<group>";
		};
		AA2023242C5DD21F0029F577 /* UI */ = {
			isa = PBXGroup;
			children = (
				AA2023112C5B9A2C0029F577 /* FeedViewController.swift */,
			);
			path = UI;
			sourceTree = "<group>";
		};
		AA2023252C5DD2260029F577 /* UI */ = {
			isa = PBXGroup;
			children = (
				AA2023152C5B9EE80029F577 /* FollowerViewController.swift */,
			);
			path = UI;
			sourceTree = "<group>";
		};
		AA2023262C5DD23E0029F577 /* Scenes */ = {
			isa = PBXGroup;
			children = (
				AA2023222C5DD1F90029F577 /* Login */,
				AA2023212C5DD1F60029F577 /* Feed */,
				AA2023202C5DD1F30029F577 /* Follower */,
			);
			path = Scenes;
			sourceTree = "<group>";
		};
		AA2023272C5DD2570029F577 /* Adapter */ = {
			isa = PBXGroup;
			children = (
				AA20231A2C5DD13F0029F577 /* LoginClientAdapter.swift */,
			);
			path = Adapter;
			sourceTree = "<group>";
		};
		AA2023282C5DD2660029F577 /* Adapter */ = {
			isa = PBXGroup;
			children = (
				AA20231C2C5DD16C0029F577 /* FeedClientAdapter.swift */,
			);
			path = Adapter;
			sourceTree = "<group>";
		};
		AA2023292C5DD2770029F577 /* Adapter */ = {
			isa = PBXGroup;
			children = (
				AA20231E2C5DD1930029F577 /* FollowerClientAdapter.swift */,
			);
			path = Adapter;
			sourceTree = "<group>";
		};
		AA20232A2C5DD2A80029F577 /* Domain */ = {
			isa = PBXGroup;
			children = (
				AA20230F2C5B96C90029F577 /* LoggedInUser.swift */,
			);
			path = Domain;
			sourceTree = "<group>";
		};
		AA20232B2C5DD2B50029F577 /* Domain */ = {
			isa = PBXGroup;
			children = (
				AA2023132C5B9A770029F577 /* FeedItem.swift */,
			);
			path = Domain;
			sourceTree = "<group>";
		};
		AA20232C2C5DD2C10029F577 /* Domain */ = {
			isa = PBXGroup;
			children = (
				AA2023172C5B9F1F0029F577 /* Follower.swift */,
			);
			path = Domain;
			sourceTree = "<group>";
		};
		AA20232E2C5DD4100029F577 /* SingletonAndGlobalInstancesTests */ = {
			isa = PBXGroup;
			children = (
				AA20232F2C5DD4190029F577 /* Scenes */,
			);
			path = SingletonAndGlobalInstancesTests;
			sourceTree = "<group>";
		};
		AA20232F2C5DD4190029F577 /* Scenes */ = {
			isa = PBXGroup;
			children = (
				AA2023302C5DD4210029F577 /* Login */,
			);
			path = Scenes;
			sourceTree = "<group>";
		};
		AA2023302C5DD4210029F577 /* Login */ = {
			isa = PBXGroup;
			children = (
				AA2023312C5DD4530029F577 /* LoginClientAdapterTests.swift */,
			);
			path = Login;
			sourceTree = "<group>";
		};
/* End PBXGroup section */

/* Begin PBXNativeTarget section */
		AA2022D32C5B87D90029F577 /* SingletonAndGlobalInstances */ = {
			isa = PBXNativeTarget;
			buildConfigurationList = AA2022FE2C5B87DB0029F577 /* Build configuration list for PBXNativeTarget "SingletonAndGlobalInstances" */;
			buildPhases = (
				AA2022D02C5B87D90029F577 /* Sources */,
				AA2022D12C5B87D90029F577 /* Frameworks */,
				AA2022D22C5B87D90029F577 /* Resources */,
			);
			buildRules = (
			);
			dependencies = (
			);
			name = SingletonAndGlobalInstances;
			productName = SingletonAndGlobalInstances;
			productReference = AA2022D42C5B87D90029F577 /* SingletonAndGlobalInstances.app */;
			productType = "com.apple.product-type.application";
		};
		AA2022E92C5B87DB0029F577 /* SingletonAndGlobalInstancesTests */ = {
			isa = PBXNativeTarget;
			buildConfigurationList = AA2023012C5B87DB0029F577 /* Build configuration list for PBXNativeTarget "SingletonAndGlobalInstancesTests" */;
			buildPhases = (
				AA2022E62C5B87DB0029F577 /* Sources */,
				AA2022E72C5B87DB0029F577 /* Frameworks */,
				AA2022E82C5B87DB0029F577 /* Resources */,
			);
			buildRules = (
			);
			dependencies = (
				AA2022EC2C5B87DB0029F577 /* PBXTargetDependency */,
			);
			name = SingletonAndGlobalInstancesTests;
			productName = SingletonAndGlobalInstancesTests;
			productReference = AA2022EA2C5B87DB0029F577 /* SingletonAndGlobalInstancesTests.xctest */;
			productType = "com.apple.product-type.bundle.unit-test";
		};
		AA2022F32C5B87DB0029F577 /* SingletonAndGlobalInstancesUITests */ = {
			isa = PBXNativeTarget;
			buildConfigurationList = AA2023042C5B87DB0029F577 /* Build configuration list for PBXNativeTarget "SingletonAndGlobalInstancesUITests" */;
			buildPhases = (
				AA2022F02C5B87DB0029F577 /* Sources */,
				AA2022F12C5B87DB0029F577 /* Frameworks */,
				AA2022F22C5B87DB0029F577 /* Resources */,
			);
			buildRules = (
			);
			dependencies = (
				AA2022F62C5B87DB0029F577 /* PBXTargetDependency */,
			);
			name = SingletonAndGlobalInstancesUITests;
			productName = SingletonAndGlobalInstancesUITests;
			productReference = AA2022F42C5B87DB0029F577 /* SingletonAndGlobalInstancesUITests.xctest */;
			productType = "com.apple.product-type.bundle.ui-testing";
		};
/* End PBXNativeTarget section */

/* Begin PBXProject section */
		AA2022CC2C5B87D90029F577 /* Project object */ = {
			isa = PBXProject;
			attributes = {
				BuildIndependentTargetsInParallel = 1;
				LastSwiftUpdateCheck = 1600;
				LastUpgradeCheck = 1600;
				TargetAttributes = {
					AA2022D32C5B87D90029F577 = {
						CreatedOnToolsVersion = 16.0;
					};
					AA2022E92C5B87DB0029F577 = {
						CreatedOnToolsVersion = 16.0;
						LastSwiftMigration = 1600;
						TestTargetID = AA2022D32C5B87D90029F577;
					};
					AA2022F32C5B87DB0029F577 = {
						CreatedOnToolsVersion = 16.0;
						TestTargetID = AA2022D32C5B87D90029F577;
					};
				};
			};
			buildConfigurationList = AA2022CF2C5B87D90029F577 /* Build configuration list for PBXProject "SingletonAndGlobalInstances" */;
			compatibilityVersion = "Xcode 15.0";
			developmentRegion = en;
			hasScannedForEncodings = 0;
			knownRegions = (
				en,
				Base,
			);
			mainGroup = AA2022CB2C5B87D90029F577;
			productRefGroup = AA2022D52C5B87D90029F577 /* Products */;
			projectDirPath = "";
			projectRoot = "";
			targets = (
				AA2022D32C5B87D90029F577 /* SingletonAndGlobalInstances */,
				AA2022E92C5B87DB0029F577 /* SingletonAndGlobalInstancesTests */,
				AA2022F32C5B87DB0029F577 /* SingletonAndGlobalInstancesUITests */,
			);
		};
/* End PBXProject section */

/* Begin PBXResourcesBuildPhase section */
		AA2022D22C5B87D90029F577 /* Resources */ = {
			isa = PBXResourcesBuildPhase;
			buildActionMask = 2147483647;
			files = (
				AA2022E12C5B87DA0029F577 /* Assets.xcassets in Resources */,
				AA2022E42C5B87DA0029F577 /* Base in Resources */,
				AA2022DF2C5B87D90029F577 /* Base in Resources */,
			);
			runOnlyForDeploymentPostprocessing = 0;
		};
		AA2022E82C5B87DB0029F577 /* Resources */ = {
			isa = PBXResourcesBuildPhase;
			buildActionMask = 2147483647;
			files = (
			);
			runOnlyForDeploymentPostprocessing = 0;
		};
		AA2022F22C5B87DB0029F577 /* Resources */ = {
			isa = PBXResourcesBuildPhase;
			buildActionMask = 2147483647;
			files = (
			);
			runOnlyForDeploymentPostprocessing = 0;
		};
/* End PBXResourcesBuildPhase section */

/* Begin PBXSourcesBuildPhase section */
		AA2022D02C5B87D90029F577 /* Sources */ = {
			isa = PBXSourcesBuildPhase;
			buildActionMask = 2147483647;
			files = (
				AA20231F2C5DD1940029F577 /* FollowerClientAdapter.swift in Sources */,
				AA2023162C5B9EE80029F577 /* FollowerViewController.swift in Sources */,
				AA2023182C5B9F220029F577 /* Follower.swift in Sources */,
				AA20231B2C5DD1410029F577 /* LoginClientAdapter.swift in Sources */,
				AA2022DC2C5B87D90029F577 /* LoginViewController.swift in Sources */,
				AA2022D82C5B87D90029F577 /* AppDelegate.swift in Sources */,
				AA2023082C5B89E70029F577 /* ApiClient.swift in Sources */,
				AA2022DA2C5B87D90029F577 /* SceneDelegate.swift in Sources */,
				AA20231D2C5DD16D0029F577 /* FeedClientAdapter.swift in Sources */,
				AA2023122C5B9A2C0029F577 /* FeedViewController.swift in Sources */,
				AA2023142C5B9A780029F577 /* FeedItem.swift in Sources */,
				AA2023102C5B96D10029F577 /* LoggedInUser.swift in Sources */,
			);
			runOnlyForDeploymentPostprocessing = 0;
		};
		AA2022E62C5B87DB0029F577 /* Sources */ = {
			isa = PBXSourcesBuildPhase;
			buildActionMask = 2147483647;
			files = (
				AA2023322C5DD4530029F577 /* LoginClientAdapterTests.swift in Sources */,
			);
			runOnlyForDeploymentPostprocessing = 0;
		};
		AA2022F02C5B87DB0029F577 /* Sources */ = {
			isa = PBXSourcesBuildPhase;
			buildActionMask = 2147483647;
			files = (
				AA2022FB2C5B87DB0029F577 /* SingletonAndGlobalInstancesUITestsLaunchTests.swift in Sources */,
				AA2022F92C5B87DB0029F577 /* SingletonAndGlobalInstancesUITests.swift in Sources */,
			);
			runOnlyForDeploymentPostprocessing = 0;
		};
/* End PBXSourcesBuildPhase section */

/* Begin PBXTargetDependency section */
		AA2022EC2C5B87DB0029F577 /* PBXTargetDependency */ = {
			isa = PBXTargetDependency;
			target = AA2022D32C5B87D90029F577 /* SingletonAndGlobalInstances */;
			targetProxy = AA2022EB2C5B87DB0029F577 /* PBXContainerItemProxy */;
		};
		AA2022F62C5B87DB0029F577 /* PBXTargetDependency */ = {
			isa = PBXTargetDependency;
			target = AA2022D32C5B87D90029F577 /* SingletonAndGlobalInstances */;
			targetProxy = AA2022F52C5B87DB0029F577 /* PBXContainerItemProxy */;
		};
/* End PBXTargetDependency section */

/* Begin PBXVariantGroup section */
		AA2022DD2C5B87D90029F577 /* Main.storyboard */ = {
			isa = PBXVariantGroup;
			children = (
				AA2022DE2C5B87D90029F577 /* Base */,
			);
			name = Main.storyboard;
			sourceTree = "<group>";
		};
		AA2022E22C5B87DA0029F577 /* LaunchScreen.storyboard */ = {
			isa = PBXVariantGroup;
			children = (
				AA2022E32C5B87DA0029F577 /* Base */,
			);
			name = LaunchScreen.storyboard;
			sourceTree = "<group>";
		};
/* End PBXVariantGroup section */

/* Begin XCBuildConfiguration section */
		AA2022FC2C5B87DB0029F577 /* Debug */ = {
			isa = XCBuildConfiguration;
			buildSettings = {
				ALWAYS_SEARCH_USER_PATHS = NO;
				ASSETCATALOG_COMPILER_GENERATE_SWIFT_ASSET_SYMBOL_EXTENSIONS = YES;
				CLANG_ANALYZER_NONNULL = YES;
				CLANG_ANALYZER_NUMBER_OBJECT_CONVERSION = YES_AGGRESSIVE;
				CLANG_CXX_LANGUAGE_STANDARD = "gnu++20";
				CLANG_ENABLE_MODULES = YES;
				CLANG_ENABLE_OBJC_ARC = YES;
				CLANG_ENABLE_OBJC_WEAK = YES;
				CLANG_WARN_BLOCK_CAPTURE_AUTORELEASING = YES;
				CLANG_WARN_BOOL_CONVERSION = YES;
				CLANG_WARN_COMMA = YES;
				CLANG_WARN_CONSTANT_CONVERSION = YES;
				CLANG_WARN_DEPRECATED_OBJC_IMPLEMENTATIONS = YES;
				CLANG_WARN_DIRECT_OBJC_ISA_USAGE = YES_ERROR;
				CLANG_WARN_DOCUMENTATION_COMMENTS = YES;
				CLANG_WARN_EMPTY_BODY = YES;
				CLANG_WARN_ENUM_CONVERSION = YES;
				CLANG_WARN_INFINITE_RECURSION = YES;
				CLANG_WARN_INT_CONVERSION = YES;
				CLANG_WARN_NON_LITERAL_NULL_CONVERSION = YES;
				CLANG_WARN_OBJC_IMPLICIT_RETAIN_SELF = YES;
				CLANG_WARN_OBJC_LITERAL_CONVERSION = YES;
				CLANG_WARN_OBJC_ROOT_CLASS = YES_ERROR;
				CLANG_WARN_QUOTED_INCLUDE_IN_FRAMEWORK_HEADER = YES;
				CLANG_WARN_RANGE_LOOP_ANALYSIS = YES;
				CLANG_WARN_STRICT_PROTOTYPES = YES;
				CLANG_WARN_SUSPICIOUS_MOVE = YES;
				CLANG_WARN_UNGUARDED_AVAILABILITY = YES_AGGRESSIVE;
				CLANG_WARN_UNREACHABLE_CODE = YES;
				CLANG_WARN__DUPLICATE_METHOD_MATCH = YES;
				COPY_PHASE_STRIP = NO;
				DEBUG_INFORMATION_FORMAT = dwarf;
				ENABLE_STRICT_OBJC_MSGSEND = YES;
				ENABLE_TESTABILITY = YES;
				ENABLE_USER_SCRIPT_SANDBOXING = YES;
				GCC_C_LANGUAGE_STANDARD = gnu17;
				GCC_DYNAMIC_NO_PIC = NO;
				GCC_NO_COMMON_BLOCKS = YES;
				GCC_OPTIMIZATION_LEVEL = 0;
				GCC_PREPROCESSOR_DEFINITIONS = (
					"DEBUG=1",
					"$(inherited)",
				);
				GCC_WARN_64_TO_32_BIT_CONVERSION = YES;
				GCC_WARN_ABOUT_RETURN_TYPE = YES_ERROR;
				GCC_WARN_UNDECLARED_SELECTOR = YES;
				GCC_WARN_UNINITIALIZED_AUTOS = YES_AGGRESSIVE;
				GCC_WARN_UNUSED_FUNCTION = YES;
				GCC_WARN_UNUSED_VARIABLE = YES;
				IPHONEOS_DEPLOYMENT_TARGET = 18.0;
				LOCALIZATION_PREFERS_STRING_CATALOGS = YES;
				MTL_ENABLE_DEBUG_INFO = INCLUDE_SOURCE;
				MTL_FAST_MATH = YES;
				ONLY_ACTIVE_ARCH = YES;
				SDKROOT = iphoneos;
				SWIFT_ACTIVE_COMPILATION_CONDITIONS = "DEBUG $(inherited)";
				SWIFT_OPTIMIZATION_LEVEL = "-Onone";
			};
			name = Debug;
		};
		AA2022FD2C5B87DB0029F577 /* Release */ = {
			isa = XCBuildConfiguration;
			buildSettings = {
				ALWAYS_SEARCH_USER_PATHS = NO;
				ASSETCATALOG_COMPILER_GENERATE_SWIFT_ASSET_SYMBOL_EXTENSIONS = YES;
				CLANG_ANALYZER_NONNULL = YES;
				CLANG_ANALYZER_NUMBER_OBJECT_CONVERSION = YES_AGGRESSIVE;
				CLANG_CXX_LANGUAGE_STANDARD = "gnu++20";
				CLANG_ENABLE_MODULES = YES;
				CLANG_ENABLE_OBJC_ARC = YES;
				CLANG_ENABLE_OBJC_WEAK = YES;
				CLANG_WARN_BLOCK_CAPTURE_AUTORELEASING = YES;
				CLANG_WARN_BOOL_CONVERSION = YES;
				CLANG_WARN_COMMA = YES;
				CLANG_WARN_CONSTANT_CONVERSION = YES;
				CLANG_WARN_DEPRECATED_OBJC_IMPLEMENTATIONS = YES;
				CLANG_WARN_DIRECT_OBJC_ISA_USAGE = YES_ERROR;
				CLANG_WARN_DOCUMENTATION_COMMENTS = YES;
				CLANG_WARN_EMPTY_BODY = YES;
				CLANG_WARN_ENUM_CONVERSION = YES;
				CLANG_WARN_INFINITE_RECURSION = YES;
				CLANG_WARN_INT_CONVERSION = YES;
				CLANG_WARN_NON_LITERAL_NULL_CONVERSION = YES;
				CLANG_WARN_OBJC_IMPLICIT_RETAIN_SELF = YES;
				CLANG_WARN_OBJC_LITERAL_CONVERSION = YES;
				CLANG_WARN_OBJC_ROOT_CLASS = YES_ERROR;
				CLANG_WARN_QUOTED_INCLUDE_IN_FRAMEWORK_HEADER = YES;
				CLANG_WARN_RANGE_LOOP_ANALYSIS = YES;
				CLANG_WARN_STRICT_PROTOTYPES = YES;
				CLANG_WARN_SUSPICIOUS_MOVE = YES;
				CLANG_WARN_UNGUARDED_AVAILABILITY = YES_AGGRESSIVE;
				CLANG_WARN_UNREACHABLE_CODE = YES;
				CLANG_WARN__DUPLICATE_METHOD_MATCH = YES;
				COPY_PHASE_STRIP = NO;
				DEBUG_INFORMATION_FORMAT = "dwarf-with-dsym";
				ENABLE_NS_ASSERTIONS = NO;
				ENABLE_STRICT_OBJC_MSGSEND = YES;
				ENABLE_USER_SCRIPT_SANDBOXING = YES;
				GCC_C_LANGUAGE_STANDARD = gnu17;
				GCC_NO_COMMON_BLOCKS = YES;
				GCC_WARN_64_TO_32_BIT_CONVERSION = YES;
				GCC_WARN_ABOUT_RETURN_TYPE = YES_ERROR;
				GCC_WARN_UNDECLARED_SELECTOR = YES;
				GCC_WARN_UNINITIALIZED_AUTOS = YES_AGGRESSIVE;
				GCC_WARN_UNUSED_FUNCTION = YES;
				GCC_WARN_UNUSED_VARIABLE = YES;
				IPHONEOS_DEPLOYMENT_TARGET = 18.0;
				LOCALIZATION_PREFERS_STRING_CATALOGS = YES;
				MTL_ENABLE_DEBUG_INFO = NO;
				MTL_FAST_MATH = YES;
				SDKROOT = iphoneos;
				SWIFT_COMPILATION_MODE = wholemodule;
				VALIDATE_PRODUCT = YES;
			};
			name = Release;
		};
		AA2022FF2C5B87DB0029F577 /* Debug */ = {
			isa = XCBuildConfiguration;
			buildSettings = {
				ASSETCATALOG_COMPILER_APPICON_NAME = AppIcon;
				ASSETCATALOG_COMPILER_GLOBAL_ACCENT_COLOR_NAME = AccentColor;
				CODE_SIGN_STYLE = Automatic;
				CURRENT_PROJECT_VERSION = 1;
				DEVELOPMENT_TEAM = L923PSABUA;
				GENERATE_INFOPLIST_FILE = YES;
				INFOPLIST_FILE = SingletonAndGlobalInstances/Resources/Info.plist;
				INFOPLIST_KEY_UIApplicationSupportsIndirectInputEvents = YES;
				INFOPLIST_KEY_UILaunchStoryboardName = LaunchScreen;
				INFOPLIST_KEY_UIMainStoryboardFile = Main;
				INFOPLIST_KEY_UISupportedInterfaceOrientations_iPad = "UIInterfaceOrientationPortrait UIInterfaceOrientationPortraitUpsideDown UIInterfaceOrientationLandscapeLeft UIInterfaceOrientationLandscapeRight";
				INFOPLIST_KEY_UISupportedInterfaceOrientations_iPhone = "UIInterfaceOrientationPortrait UIInterfaceOrientationLandscapeLeft UIInterfaceOrientationLandscapeRight";
				LD_RUNPATH_SEARCH_PATHS = (
					"$(inherited)",
					"@executable_path/Frameworks",
				);
				MARKETING_VERSION = 1.0;
				PRODUCT_BUNDLE_IDENTIFIER = com.thiagomonteiro.SingletonAndGlobalInstances;
				PRODUCT_NAME = "$(TARGET_NAME)";
				SWIFT_EMIT_LOC_STRINGS = YES;
				SWIFT_VERSION = 5.0;
				TARGETED_DEVICE_FAMILY = "1,2";
			};
			name = Debug;
		};
		AA2023002C5B87DB0029F577 /* Release */ = {
			isa = XCBuildConfiguration;
			buildSettings = {
				ASSETCATALOG_COMPILER_APPICON_NAME = AppIcon;
				ASSETCATALOG_COMPILER_GLOBAL_ACCENT_COLOR_NAME = AccentColor;
				CODE_SIGN_STYLE = Automatic;
				CURRENT_PROJECT_VERSION = 1;
				DEVELOPMENT_TEAM = L923PSABUA;
				GENERATE_INFOPLIST_FILE = YES;
				INFOPLIST_FILE = SingletonAndGlobalInstances/Resources/Info.plist;
				INFOPLIST_KEY_UIApplicationSupportsIndirectInputEvents = YES;
				INFOPLIST_KEY_UILaunchStoryboardName = LaunchScreen;
				INFOPLIST_KEY_UIMainStoryboardFile = Main;
				INFOPLIST_KEY_UISupportedInterfaceOrientations_iPad = "UIInterfaceOrientationPortrait UIInterfaceOrientationPortraitUpsideDown UIInterfaceOrientationLandscapeLeft UIInterfaceOrientationLandscapeRight";
				INFOPLIST_KEY_UISupportedInterfaceOrientations_iPhone = "UIInterfaceOrientationPortrait UIInterfaceOrientationLandscapeLeft UIInterfaceOrientationLandscapeRight";
				LD_RUNPATH_SEARCH_PATHS = (
					"$(inherited)",
					"@executable_path/Frameworks",
				);
				MARKETING_VERSION = 1.0;
				PRODUCT_BUNDLE_IDENTIFIER = com.thiagomonteiro.SingletonAndGlobalInstances;
				PRODUCT_NAME = "$(TARGET_NAME)";
				SWIFT_EMIT_LOC_STRINGS = YES;
				SWIFT_VERSION = 5.0;
				TARGETED_DEVICE_FAMILY = "1,2";
			};
			name = Release;
		};
		AA2023022C5B87DB0029F577 /* Debug */ = {
			isa = XCBuildConfiguration;
			buildSettings = {
				BUNDLE_LOADER = "$(TEST_HOST)";
				CLANG_ENABLE_MODULES = YES;
				CODE_SIGN_STYLE = Automatic;
				CURRENT_PROJECT_VERSION = 1;
				DEVELOPMENT_TEAM = L923PSABUA;
				GENERATE_INFOPLIST_FILE = YES;
				IPHONEOS_DEPLOYMENT_TARGET = 18.0;
				MARKETING_VERSION = 1.0;
				PRODUCT_BUNDLE_IDENTIFIER = com.thiagomonteiro.SingletonAndGlobalInstancesTests;
				PRODUCT_NAME = "$(TARGET_NAME)";
				SWIFT_EMIT_LOC_STRINGS = NO;
				SWIFT_OPTIMIZATION_LEVEL = "-Onone";
				SWIFT_VERSION = 5.0;
				TARGETED_DEVICE_FAMILY = "1,2";
				TEST_HOST = "$(BUILT_PRODUCTS_DIR)/SingletonAndGlobalInstances.app/$(BUNDLE_EXECUTABLE_FOLDER_PATH)/SingletonAndGlobalInstances";
			};
			name = Debug;
		};
		AA2023032C5B87DB0029F577 /* Release */ = {
			isa = XCBuildConfiguration;
			buildSettings = {
				BUNDLE_LOADER = "$(TEST_HOST)";
				CLANG_ENABLE_MODULES = YES;
				CODE_SIGN_STYLE = Automatic;
				CURRENT_PROJECT_VERSION = 1;
				DEVELOPMENT_TEAM = L923PSABUA;
				GENERATE_INFOPLIST_FILE = YES;
				IPHONEOS_DEPLOYMENT_TARGET = 18.0;
				MARKETING_VERSION = 1.0;
				PRODUCT_BUNDLE_IDENTIFIER = com.thiagomonteiro.SingletonAndGlobalInstancesTests;
				PRODUCT_NAME = "$(TARGET_NAME)";
				SWIFT_EMIT_LOC_STRINGS = NO;
				SWIFT_VERSION = 5.0;
				TARGETED_DEVICE_FAMILY = "1,2";
				TEST_HOST = "$(BUILT_PRODUCTS_DIR)/SingletonAndGlobalInstances.app/$(BUNDLE_EXECUTABLE_FOLDER_PATH)/SingletonAndGlobalInstances";
			};
			name = Release;
		};
		AA2023052C5B87DB0029F577 /* Debug */ = {
			isa = XCBuildConfiguration;
			buildSettings = {
				CODE_SIGN_STYLE = Automatic;
				CURRENT_PROJECT_VERSION = 1;
				DEVELOPMENT_TEAM = L923PSABUA;
				GENERATE_INFOPLIST_FILE = YES;
				MARKETING_VERSION = 1.0;
				PRODUCT_BUNDLE_IDENTIFIER = com.thiagomonteiro.SingletonAndGlobalInstancesUITests;
				PRODUCT_NAME = "$(TARGET_NAME)";
				SWIFT_EMIT_LOC_STRINGS = NO;
				SWIFT_VERSION = 5.0;
				TARGETED_DEVICE_FAMILY = "1,2";
				TEST_TARGET_NAME = SingletonAndGlobalInstances;
			};
			name = Debug;
		};
		AA2023062C5B87DB0029F577 /* Release */ = {
			isa = XCBuildConfiguration;
			buildSettings = {
				CODE_SIGN_STYLE = Automatic;
				CURRENT_PROJECT_VERSION = 1;
				DEVELOPMENT_TEAM = L923PSABUA;
				GENERATE_INFOPLIST_FILE = YES;
				MARKETING_VERSION = 1.0;
				PRODUCT_BUNDLE_IDENTIFIER = com.thiagomonteiro.SingletonAndGlobalInstancesUITests;
				PRODUCT_NAME = "$(TARGET_NAME)";
				SWIFT_EMIT_LOC_STRINGS = NO;
				SWIFT_VERSION = 5.0;
				TARGETED_DEVICE_FAMILY = "1,2";
				TEST_TARGET_NAME = SingletonAndGlobalInstances;
			};
			name = Release;
		};
/* End XCBuildConfiguration section */

/* Begin XCConfigurationList section */
		AA2022CF2C5B87D90029F577 /* Build configuration list for PBXProject "SingletonAndGlobalInstances" */ = {
			isa = XCConfigurationList;
			buildConfigurations = (
				AA2022FC2C5B87DB0029F577 /* Debug */,
				AA2022FD2C5B87DB0029F577 /* Release */,
			);
			defaultConfigurationIsVisible = 0;
			defaultConfigurationName = Release;
		};
		AA2022FE2C5B87DB0029F577 /* Build configuration list for PBXNativeTarget "SingletonAndGlobalInstances" */ = {
			isa = XCConfigurationList;
			buildConfigurations = (
				AA2022FF2C5B87DB0029F577 /* Debug */,
				AA2023002C5B87DB0029F577 /* Release */,
			);
			defaultConfigurationIsVisible = 0;
			defaultConfigurationName = Release;
		};
		AA2023012C5B87DB0029F577 /* Build configuration list for PBXNativeTarget "SingletonAndGlobalInstancesTests" */ = {
			isa = XCConfigurationList;
			buildConfigurations = (
				AA2023022C5B87DB0029F577 /* Debug */,
				AA2023032C5B87DB0029F577 /* Release */,
			);
			defaultConfigurationIsVisible = 0;
			defaultConfigurationName = Release;
		};
		AA2023042C5B87DB0029F577 /* Build configuration list for PBXNativeTarget "SingletonAndGlobalInstancesUITests" */ = {
			isa = XCConfigurationList;
			buildConfigurations = (
				AA2023052C5B87DB0029F577 /* Debug */,
				AA2023062C5B87DB0029F577 /* Release */,
			);
			defaultConfigurationIsVisible = 0;
			defaultConfigurationName = Release;
		};
/* End XCConfigurationList section */
	};
	rootObject = AA2022CC2C5B87D90029F577 /* Project object */;
}
